
Microsoft Visual Studio Solution File, Format Version 12.00
# Visual Studio Version 17
VisualStudioVersion = 17.0.31919.166
MinimumVisualStudioVersion = 10.0.40219.1
Project("{FAE04EC0-301F-11D3-BF4B-00C04F79EFBC}") = "AdditionalTask", "AdditionalTask\AdditionalTask.csproj", "{160B3DD2-55A1-48D4-A88E-DE9A205B08BF}"
EndProject
Project("{FAE04EC0-301F-11D3-BF4B-00C04F79EFBC}") = "Task2", "Task2\Task2.csproj", "{E0DF29F9-1841-48DC-9669-A65C1BC224A5}"
EndProject
Global
	GlobalSection(SolutionConfigurationPlatforms) = preSolution
		Debug|Any CPU = Debug|Any CPU
		Release|Any CPU = Release|Any CPU
	EndGlobalSection
	GlobalSection(ProjectConfigurationPlatforms) = postSolution
		{160B3DD2-55A1-48D4-A88E-DE9A205B08BF}.Debug|Any CPU.ActiveCfg = Debug|Any CPU
		{160B3DD2-55A1-48D4-A88E-DE9A205B08BF}.Debug|Any CPU.Build.0 = Debug|Any CPU
		{160B3DD2-55A1-48D4-A88E-DE9A205B08BF}.Release|Any CPU.ActiveCfg = Release|Any CPU
		{160B3DD2-55A1-48D4-A88E-DE9A205B08BF}.Release|Any CPU.Build.0 = Release|Any CPU
		{E0DF29F9-1841-48DC-9669-A65C1BC224A5}.Debug|Any CPU.ActiveCfg = Debug|Any CPU
		{E0DF29F9-1841-48DC-9669-A65C1BC224A5}.Debug|Any CPU.Build.0 = Debug|Any CPU
		{E0DF29F9-1841-48DC-9669-A65C1BC224A5}.Release|Any CPU.ActiveCfg = Release|Any CPU
		{E0DF29F9-1841-48DC-9669-A65C1BC224A5}.Release|Any CPU.Build.0 = Release|Any CPU
	EndGlobalSection
	GlobalSection(SolutionProperties) = preSolution
		HideSolutionNode = FALSE
	EndGlobalSection
	GlobalSection(ExtensibilityGlobals) = postSolution
		SolutionGuid = {E2AB8F37-3208-43E0-8D9D-BAC640585E71}
	EndGlobalSection
EndGlobal
